
Microsoft Visual Studio Solution File, Format Version 12.00
# Visual Studio Version 17
VisualStudioVersion = 17.6.33829.357
MinimumVisualStudioVersion = 10.0.40219.1
Project("{FAE04EC0-301F-11D3-BF4B-00C04F79EFBC}") = "Logger_static", "Logger_static.csproj", "{899B4AB1-E92B-4C8A-88F9-3D06FDA369EF}"
EndProject
Global
	GlobalSection(SolutionConfigurationPlatforms) = preSolution
		Debug|Any CPU = Debug|Any CPU
		Release|Any CPU = Release|Any CPU
	EndGlobalSection
	GlobalSection(ProjectConfigurationPlatforms) = postSolution
		{899B4AB1-E92B-4C8A-88F9-3D06FDA369EF}.Debug|Any CPU.ActiveCfg = Debug|Any CPU
		{899B4AB1-E92B-4C8A-88F9-3D06FDA369EF}.Debug|Any CPU.Build.0 = Debug|Any CPU
		{899B4AB1-E92B-4C8A-88F9-3D06FDA369EF}.Release|Any CPU.ActiveCfg = Release|Any CPU
		{899B4AB1-E92B-4C8A-88F9-3D06FDA369EF}.Release|Any CPU.Build.0 = Release|Any CPU
	EndGlobalSection
	GlobalSection(SolutionProperties) = preSolution
		HideSolutionNode = FALSE
	EndGlobalSection
	GlobalSection(ExtensibilityGlobals) = postSolution
		SolutionGuid = {41CB0AC3-92E2-4204-A98F-B41755DC1889}
	EndGlobalSection
EndGlobal
